
Microsoft Visual Studio Solution File, Format Version 12.00
# Visual Studio Version 17
VisualStudioVersion = 17.9.34902.65
MinimumVisualStudioVersion = 10.0.40219.1
Project("{2150E333-8FDC-42A3-9474-1A3956D46DE8}") = "OrderManagement.Bc", "OrderManagement.Bc", "{28EDFD4B-701C-4664-B3F6-642D11650E7F}"
EndProject
Project("{2150E333-8FDC-42A3-9474-1A3956D46DE8}") = "WriteModel", "WriteModel", "{D461017E-CDBC-4BF1-984E-E98081E9FF06}"
EndProject
Project("{2150E333-8FDC-42A3-9474-1A3956D46DE8}") = "ReadModel", "ReadModel", "{8F56D78B-34AB-466D-A3B0-E212EEDE8E5C}"
EndProject
Project("{9A19103F-16F7-4668-BE54-9A1E7A4F7556}") = "OrderManagement.Application", "OrderManagement.Application\OrderManagement.Application.csproj", "{A0DE93F5-5D3C-49CD-9745-34D269A3EAF4}"
EndProject
Project("{9A19103F-16F7-4668-BE54-9A1E7A4F7556}") = "OrderManagement.Domain", "OrderManagement.Domain\OrderManagement.Domain.csproj", "{AA53F19F-2F73-49BF-995E-5475757DE797}"
EndProject
Project("{9A19103F-16F7-4668-BE54-9A1E7A4F7556}") = "OrderManagement.Domain.Contract", "OrderManagement.Domain.Contract\OrderManagement.Domain.Contract.csproj", "{62BE1106-EBA1-413F-8127-C9B942178E9F}"
EndProject
Project("{2150E333-8FDC-42A3-9474-1A3956D46DE8}") = "Application", "Application", "{070EC1CD-FD07-4932-8306-8DE8E60EF4EA}"
EndProject
Project("{2150E333-8FDC-42A3-9474-1A3956D46DE8}") = "Infrastructure", "Infrastructure", "{99A85990-384F-4979-8BCE-AEC3B53AAD19}"
EndProject
Project("{9A19103F-16F7-4668-BE54-9A1E7A4F7556}") = "OrderManagement.Persistence.Mongodb", "OrderManagement.Persistence.Mongodb\OrderManagement.Persistence.Mongodb.csproj", "{B8E7D79B-9EE7-445F-85E8-554CFD1D7F5E}"
EndProject
Project("{9A19103F-16F7-4668-BE54-9A1E7A4F7556}") = "OrderManagement.Persistence.Ef", "OrderManagement.Persistence.Ef\OrderManagement.Persistence.Ef.csproj", "{94875094-DFD6-4552-A175-C970B5A0BAFF}"
EndProject
Project("{2150E333-8FDC-42A3-9474-1A3956D46DE8}") = "Framework-O", "Framework-O", "{7711A53E-F903-4F9B-A4B9-3D68B5F02FBB}"
EndProject
Project("{9A19103F-16F7-4668-BE54-9A1E7A4F7556}") = "Framework.Core", "Framework.Core\Framework.Core.csproj", "{29713F96-2D5B-4C3E-8CA6-02BDC821225D}"
EndProject
Project("{9A19103F-16F7-4668-BE54-9A1E7A4F7556}") = "Framework.Messaging.Masstransit", "Framework.Messaging.Masstransit\Framework.Messaging.Masstransit.csproj", "{753F27DD-6012-444F-9EAF-D392B44CFA8C}"
EndProject
Project("{9A19103F-16F7-4668-BE54-9A1E7A4F7556}") = "Framework.OutBoxPublisher", "Framework.OutBoxPublisher\Framework.OutBoxPublisher.csproj", "{6DF18BDC-1498-43A1-9064-0674D2BBC975}"
EndProject
Project("{9A19103F-16F7-4668-BE54-9A1E7A4F7556}") = "Framework.Persistence.Ef", "Framework.Persistence.Ef\Framework.Persistence.Ef.csproj", "{43752DFE-E4FA-427A-BD03-5D4221966736}"
EndProject
Project("{2150E333-8FDC-42A3-9474-1A3956D46DE8}") = "Api", "Api", "{81EE906D-60AC-4F70-9CA4-20F0E0634733}"
EndProject
Project("{9A19103F-16F7-4668-BE54-9A1E7A4F7556}") = "OrderManagement.Api", "OrderManagement.Api\OrderManagement.Api.csproj", "{D7D362EB-1DAF-478F-A3EE-7441E118C529}"
EndProject
Project("{9A19103F-16F7-4668-BE54-9A1E7A4F7556}") = "OrderManagement.Query.Api", "OrderManagement.Query.Api\OrderManagement.Query.Api.csproj", "{9198528C-F02B-4C36-BBC7-70352C82DCAF}"
EndProject
Project("{9A19103F-16F7-4668-BE54-9A1E7A4F7556}") = "OrderManagementEventPublisher.Worker", "OrderMangementEventPublisher.Worker\OrderManagementEventPublisher.Worker.csproj", "{9785AD9F-50DE-4E87-A25B-9BF4AA799BA9}"
EndProject
Project("{2150E333-8FDC-42A3-9474-1A3956D46DE8}") = "Inventory.Bc", "Inventory.Bc", "{E07820F7-0391-4B56-9787-627867DB5C3B}"
EndProject
Project("{9A19103F-16F7-4668-BE54-9A1E7A4F7556}") = "InventoryManagement.Application", "InventoryManagement.Application\InventoryManagement.Application.csproj", "{6F76A3E7-4F87-4A85-B7D7-7AABCE4631DF}"
EndProject
Project("{9A19103F-16F7-4668-BE54-9A1E7A4F7556}") = "InventoryManagement.Domain", "InventoryManagement.Doamin\InventoryManagement.Domain.csproj", "{93DBD968-B01B-4696-8DD0-22912BDCF9D0}"
EndProject
Project("{9A19103F-16F7-4668-BE54-9A1E7A4F7556}") = "InventoryManagement.Domain.DataContract", "InventoryManagement.Domain.DataContract\InventoryManagement.Domain.DataContract.csproj", "{CFFDAE8F-83A0-4F65-9615-F01B58034AD7}"
EndProject
Project("{9A19103F-16F7-4668-BE54-9A1E7A4F7556}") = "InventoryManagement.Persistence.Ef", "InventoryManagement.Persistence.Ef\InventoryManagement.Persistence.Ef.csproj", "{6C42D0EE-40D5-40EB-9982-DF4E47487DFA}"
EndProject
Project("{2150E333-8FDC-42A3-9474-1A3956D46DE8}") = "Api", "Api", "{43AFB82B-3615-41C4-B974-EF072E487469}"
EndProject
Project("{9A19103F-16F7-4668-BE54-9A1E7A4F7556}") = "InventoryManagement.Api", "InventoryManagement.Api\InventoryManagement.Api.csproj", "{C49FA9F4-CC2E-4EB4-8DBB-C7EA0ADB9C9B}"
EndProject
Project("{9A19103F-16F7-4668-BE54-9A1E7A4F7556}") = "InventoryManagement.Persistence.Mongodb", "InventoryManagement.Persistence.Mongodb\InventoryManagement.Persistence.Mongodb.csproj", "{C0E50F97-9CC7-420A-BF69-E0F486725A9D}"
EndProject
Project("{FAE04EC0-301F-11D3-BF4B-00C04F79EFBC}") = "ApiGateWay", "ApiGateWay\ApiGateWay.csproj", "{AAC4AFCC-00E6-41EE-9A25-20DD7CF4A9DF}"
EndProject
Global
	GlobalSection(SolutionConfigurationPlatforms) = preSolution
		Debug|Any CPU = Debug|Any CPU
		Release|Any CPU = Release|Any CPU
	EndGlobalSection
	GlobalSection(ProjectConfigurationPlatforms) = postSolution
		{A0DE93F5-5D3C-49CD-9745-34D269A3EAF4}.Debug|Any CPU.ActiveCfg = Debug|Any CPU
		{A0DE93F5-5D3C-49CD-9745-34D269A3EAF4}.Debug|Any CPU.Build.0 = Debug|Any CPU
		{A0DE93F5-5D3C-49CD-9745-34D269A3EAF4}.Release|Any CPU.ActiveCfg = Release|Any CPU
		{A0DE93F5-5D3C-49CD-9745-34D269A3EAF4}.Release|Any CPU.Build.0 = Release|Any CPU
		{AA53F19F-2F73-49BF-995E-5475757DE797}.Debug|Any CPU.ActiveCfg = Debug|Any CPU
		{AA53F19F-2F73-49BF-995E-5475757DE797}.Debug|Any CPU.Build.0 = Debug|Any CPU
		{AA53F19F-2F73-49BF-995E-5475757DE797}.Release|Any CPU.ActiveCfg = Release|Any CPU
		{AA53F19F-2F73-49BF-995E-5475757DE797}.Release|Any CPU.Build.0 = Release|Any CPU
		{62BE1106-EBA1-413F-8127-C9B942178E9F}.Debug|Any CPU.ActiveCfg = Debug|Any CPU
		{62BE1106-EBA1-413F-8127-C9B942178E9F}.Debug|Any CPU.Build.0 = Debug|Any CPU
		{62BE1106-EBA1-413F-8127-C9B942178E9F}.Release|Any CPU.ActiveCfg = Release|Any CPU
		{62BE1106-EBA1-413F-8127-C9B942178E9F}.Release|Any CPU.Build.0 = Release|Any CPU
		{B8E7D79B-9EE7-445F-85E8-554CFD1D7F5E}.Debug|Any CPU.ActiveCfg = Debug|Any CPU
		{B8E7D79B-9EE7-445F-85E8-554CFD1D7F5E}.Debug|Any CPU.Build.0 = Debug|Any CPU
		{B8E7D79B-9EE7-445F-85E8-554CFD1D7F5E}.Release|Any CPU.ActiveCfg = Release|Any CPU
		{B8E7D79B-9EE7-445F-85E8-554CFD1D7F5E}.Release|Any CPU.Build.0 = Release|Any CPU
		{94875094-DFD6-4552-A175-C970B5A0BAFF}.Debug|Any CPU.ActiveCfg = Debug|Any CPU
		{94875094-DFD6-4552-A175-C970B5A0BAFF}.Debug|Any CPU.Build.0 = Debug|Any CPU
		{94875094-DFD6-4552-A175-C970B5A0BAFF}.Release|Any CPU.ActiveCfg = Release|Any CPU
		{94875094-DFD6-4552-A175-C970B5A0BAFF}.Release|Any CPU.Build.0 = Release|Any CPU
		{29713F96-2D5B-4C3E-8CA6-02BDC821225D}.Debug|Any CPU.ActiveCfg = Debug|Any CPU
		{29713F96-2D5B-4C3E-8CA6-02BDC821225D}.Debug|Any CPU.Build.0 = Debug|Any CPU
		{29713F96-2D5B-4C3E-8CA6-02BDC821225D}.Release|Any CPU.ActiveCfg = Release|Any CPU
		{29713F96-2D5B-4C3E-8CA6-02BDC821225D}.Release|Any CPU.Build.0 = Release|Any CPU
		{753F27DD-6012-444F-9EAF-D392B44CFA8C}.Debug|Any CPU.ActiveCfg = Debug|Any CPU
		{753F27DD-6012-444F-9EAF-D392B44CFA8C}.Debug|Any CPU.Build.0 = Debug|Any CPU
		{753F27DD-6012-444F-9EAF-D392B44CFA8C}.Release|Any CPU.ActiveCfg = Release|Any CPU
		{753F27DD-6012-444F-9EAF-D392B44CFA8C}.Release|Any CPU.Build.0 = Release|Any CPU
		{6DF18BDC-1498-43A1-9064-0674D2BBC975}.Debug|Any CPU.ActiveCfg = Debug|Any CPU
		{6DF18BDC-1498-43A1-9064-0674D2BBC975}.Debug|Any CPU.Build.0 = Debug|Any CPU
		{6DF18BDC-1498-43A1-9064-0674D2BBC975}.Release|Any CPU.ActiveCfg = Release|Any CPU
		{6DF18BDC-1498-43A1-9064-0674D2BBC975}.Release|Any CPU.Build.0 = Release|Any CPU
		{43752DFE-E4FA-427A-BD03-5D4221966736}.Debug|Any CPU.ActiveCfg = Debug|Any CPU
		{43752DFE-E4FA-427A-BD03-5D4221966736}.Debug|Any CPU.Build.0 = Debug|Any CPU
		{43752DFE-E4FA-427A-BD03-5D4221966736}.Release|Any CPU.ActiveCfg = Release|Any CPU
		{43752DFE-E4FA-427A-BD03-5D4221966736}.Release|Any CPU.Build.0 = Release|Any CPU
		{D7D362EB-1DAF-478F-A3EE-7441E118C529}.Debug|Any CPU.ActiveCfg = Debug|Any CPU
		{D7D362EB-1DAF-478F-A3EE-7441E118C529}.Debug|Any CPU.Build.0 = Debug|Any CPU
		{D7D362EB-1DAF-478F-A3EE-7441E118C529}.Release|Any CPU.ActiveCfg = Release|Any CPU
		{D7D362EB-1DAF-478F-A3EE-7441E118C529}.Release|Any CPU.Build.0 = Release|Any CPU
		{9198528C-F02B-4C36-BBC7-70352C82DCAF}.Debug|Any CPU.ActiveCfg = Debug|Any CPU
		{9198528C-F02B-4C36-BBC7-70352C82DCAF}.Debug|Any CPU.Build.0 = Debug|Any CPU
		{9198528C-F02B-4C36-BBC7-70352C82DCAF}.Release|Any CPU.ActiveCfg = Release|Any CPU
		{9198528C-F02B-4C36-BBC7-70352C82DCAF}.Release|Any CPU.Build.0 = Release|Any CPU
		{9785AD9F-50DE-4E87-A25B-9BF4AA799BA9}.Debug|Any CPU.ActiveCfg = Debug|Any CPU
		{9785AD9F-50DE-4E87-A25B-9BF4AA799BA9}.Debug|Any CPU.Build.0 = Debug|Any CPU
		{9785AD9F-50DE-4E87-A25B-9BF4AA799BA9}.Release|Any CPU.ActiveCfg = Release|Any CPU
		{9785AD9F-50DE-4E87-A25B-9BF4AA799BA9}.Release|Any CPU.Build.0 = Release|Any CPU
		{6F76A3E7-4F87-4A85-B7D7-7AABCE4631DF}.Debug|Any CPU.ActiveCfg = Debug|Any CPU
		{6F76A3E7-4F87-4A85-B7D7-7AABCE4631DF}.Debug|Any CPU.Build.0 = Debug|Any CPU
		{6F76A3E7-4F87-4A85-B7D7-7AABCE4631DF}.Release|Any CPU.ActiveCfg = Release|Any CPU
		{6F76A3E7-4F87-4A85-B7D7-7AABCE4631DF}.Release|Any CPU.Build.0 = Release|Any CPU
		{93DBD968-B01B-4696-8DD0-22912BDCF9D0}.Debug|Any CPU.ActiveCfg = Debug|Any CPU
		{93DBD968-B01B-4696-8DD0-22912BDCF9D0}.Debug|Any CPU.Build.0 = Debug|Any CPU
		{93DBD968-B01B-4696-8DD0-22912BDCF9D0}.Release|Any CPU.ActiveCfg = Release|Any CPU
		{93DBD968-B01B-4696-8DD0-22912BDCF9D0}.Release|Any CPU.Build.0 = Release|Any CPU
		{CFFDAE8F-83A0-4F65-9615-F01B58034AD7}.Debug|Any CPU.ActiveCfg = Debug|Any CPU
		{CFFDAE8F-83A0-4F65-9615-F01B58034AD7}.Debug|Any CPU.Build.0 = Debug|Any CPU
		{CFFDAE8F-83A0-4F65-9615-F01B58034AD7}.Release|Any CPU.ActiveCfg = Release|Any CPU
		{CFFDAE8F-83A0-4F65-9615-F01B58034AD7}.Release|Any CPU.Build.0 = Release|Any CPU
		{6C42D0EE-40D5-40EB-9982-DF4E47487DFA}.Debug|Any CPU.ActiveCfg = Debug|Any CPU
		{6C42D0EE-40D5-40EB-9982-DF4E47487DFA}.Debug|Any CPU.Build.0 = Debug|Any CPU
		{6C42D0EE-40D5-40EB-9982-DF4E47487DFA}.Release|Any CPU.ActiveCfg = Release|Any CPU
		{6C42D0EE-40D5-40EB-9982-DF4E47487DFA}.Release|Any CPU.Build.0 = Release|Any CPU
		{C49FA9F4-CC2E-4EB4-8DBB-C7EA0ADB9C9B}.Debug|Any CPU.ActiveCfg = Debug|Any CPU
		{C49FA9F4-CC2E-4EB4-8DBB-C7EA0ADB9C9B}.Debug|Any CPU.Build.0 = Debug|Any CPU
		{C49FA9F4-CC2E-4EB4-8DBB-C7EA0ADB9C9B}.Release|Any CPU.ActiveCfg = Release|Any CPU
		{C49FA9F4-CC2E-4EB4-8DBB-C7EA0ADB9C9B}.Release|Any CPU.Build.0 = Release|Any CPU
		{C0E50F97-9CC7-420A-BF69-E0F486725A9D}.Debug|Any CPU.ActiveCfg = Debug|Any CPU
		{C0E50F97-9CC7-420A-BF69-E0F486725A9D}.Debug|Any CPU.Build.0 = Debug|Any CPU
		{C0E50F97-9CC7-420A-BF69-E0F486725A9D}.Release|Any CPU.ActiveCfg = Release|Any CPU
		{C0E50F97-9CC7-420A-BF69-E0F486725A9D}.Release|Any CPU.Build.0 = Release|Any CPU
		{AAC4AFCC-00E6-41EE-9A25-20DD7CF4A9DF}.Debug|Any CPU.ActiveCfg = Debug|Any CPU
		{AAC4AFCC-00E6-41EE-9A25-20DD7CF4A9DF}.Debug|Any CPU.Build.0 = Debug|Any CPU
		{AAC4AFCC-00E6-41EE-9A25-20DD7CF4A9DF}.Release|Any CPU.ActiveCfg = Release|Any CPU
		{AAC4AFCC-00E6-41EE-9A25-20DD7CF4A9DF}.Release|Any CPU.Build.0 = Release|Any CPU
	EndGlobalSection
	GlobalSection(SolutionProperties) = preSolution
		HideSolutionNode = FALSE
	EndGlobalSection
	GlobalSection(NestedProjects) = preSolution
		{D461017E-CDBC-4BF1-984E-E98081E9FF06} = {28EDFD4B-701C-4664-B3F6-642D11650E7F}
		{8F56D78B-34AB-466D-A3B0-E212EEDE8E5C} = {28EDFD4B-701C-4664-B3F6-642D11650E7F}
		{A0DE93F5-5D3C-49CD-9745-34D269A3EAF4} = {070EC1CD-FD07-4932-8306-8DE8E60EF4EA}
		{AA53F19F-2F73-49BF-995E-5475757DE797} = {070EC1CD-FD07-4932-8306-8DE8E60EF4EA}
		{62BE1106-EBA1-413F-8127-C9B942178E9F} = {070EC1CD-FD07-4932-8306-8DE8E60EF4EA}
		{070EC1CD-FD07-4932-8306-8DE8E60EF4EA} = {D461017E-CDBC-4BF1-984E-E98081E9FF06}
		{99A85990-384F-4979-8BCE-AEC3B53AAD19} = {D461017E-CDBC-4BF1-984E-E98081E9FF06}
		{B8E7D79B-9EE7-445F-85E8-554CFD1D7F5E} = {99A85990-384F-4979-8BCE-AEC3B53AAD19}
		{94875094-DFD6-4552-A175-C970B5A0BAFF} = {99A85990-384F-4979-8BCE-AEC3B53AAD19}
		{29713F96-2D5B-4C3E-8CA6-02BDC821225D} = {7711A53E-F903-4F9B-A4B9-3D68B5F02FBB}
		{753F27DD-6012-444F-9EAF-D392B44CFA8C} = {7711A53E-F903-4F9B-A4B9-3D68B5F02FBB}
		{6DF18BDC-1498-43A1-9064-0674D2BBC975} = {7711A53E-F903-4F9B-A4B9-3D68B5F02FBB}
		{43752DFE-E4FA-427A-BD03-5D4221966736} = {7711A53E-F903-4F9B-A4B9-3D68B5F02FBB}
		{81EE906D-60AC-4F70-9CA4-20F0E0634733} = {D461017E-CDBC-4BF1-984E-E98081E9FF06}
		{D7D362EB-1DAF-478F-A3EE-7441E118C529} = {81EE906D-60AC-4F70-9CA4-20F0E0634733}
		{9198528C-F02B-4C36-BBC7-70352C82DCAF} = {8F56D78B-34AB-466D-A3B0-E212EEDE8E5C}
		{9785AD9F-50DE-4E87-A25B-9BF4AA799BA9} = {99A85990-384F-4979-8BCE-AEC3B53AAD19}
		{6F76A3E7-4F87-4A85-B7D7-7AABCE4631DF} = {E07820F7-0391-4B56-9787-627867DB5C3B}
		{93DBD968-B01B-4696-8DD0-22912BDCF9D0} = {E07820F7-0391-4B56-9787-627867DB5C3B}
		{CFFDAE8F-83A0-4F65-9615-F01B58034AD7} = {E07820F7-0391-4B56-9787-627867DB5C3B}
		{6C42D0EE-40D5-40EB-9982-DF4E47487DFA} = {E07820F7-0391-4B56-9787-627867DB5C3B}
		{43AFB82B-3615-41C4-B974-EF072E487469} = {E07820F7-0391-4B56-9787-627867DB5C3B}
		{C49FA9F4-CC2E-4EB4-8DBB-C7EA0ADB9C9B} = {43AFB82B-3615-41C4-B974-EF072E487469}
		{C0E50F97-9CC7-420A-BF69-E0F486725A9D} = {E07820F7-0391-4B56-9787-627867DB5C3B}
	EndGlobalSection
	GlobalSection(ExtensibilityGlobals) = postSolution
		SolutionGuid = {2F4F97DE-10D7-410C-A22D-135A0F0BA7B3}
	EndGlobalSection
EndGlobal
